
Microsoft Visual Studio Solution File, Format Version 12.00
# Visual Studio Version 16
VisualStudioVersion = 16.0.31624.102
MinimumVisualStudioVersion = 10.0.40219.1
Project("{FAE04EC0-301F-11D3-BF4B-00C04F79EFBC}") = "AppParse", "AppParse.csproj", "{FF41FB91-9219-4DBE-B624-585174C30172}"
EndProject
Global
	GlobalSection(SolutionConfigurationPlatforms) = preSolution
		Debug|Any CPU = Debug|Any CPU
		Release|Any CPU = Release|Any CPU
	EndGlobalSection
	GlobalSection(ProjectConfigurationPlatforms) = postSolution
		{FF41FB91-9219-4DBE-B624-585174C30172}.Debug|Any CPU.ActiveCfg = Debug|Any CPU
		{FF41FB91-9219-4DBE-B624-585174C30172}.Debug|Any CPU.Build.0 = Debug|Any CPU
		{FF41FB91-9219-4DBE-B624-585174C30172}.Release|Any CPU.ActiveCfg = Release|Any CPU
		{FF41FB91-9219-4DBE-B624-585174C30172}.Release|Any CPU.Build.0 = Release|Any CPU
	EndGlobalSection
	GlobalSection(SolutionProperties) = preSolution
		HideSolutionNode = FALSE
	EndGlobalSection
	GlobalSection(ExtensibilityGlobals) = postSolution
		SolutionGuid = {73B1373D-84C5-4B8A-A6F5-BB44976C01AC}
	EndGlobalSection
EndGlobal
